
Microsoft Visual Studio Solution File, Format Version 12.00
# Visual Studio Version 17
VisualStudioVersion = 17.14.36414.22
MinimumVisualStudioVersion = 10.0.40219.1
Project("{2150E333-8FDC-42A3-9474-1A3956D46DE8}") = "Task0", "Task0", "{02EA681E-C7D8-13C7-8484-4AC65E1B71E8}"
EndProject
Project("{FAE04EC0-301F-11D3-BF4B-00C04F79EFBC}") = "Tyuiu.MolokanovNK.Sprint6.Task0.V5.Lib", "Tyuiu.MolokanovNK.Sprint6.Task0.V5.Lib\Tyuiu.MolokanovNK.Sprint6.Task0.V5.Lib.csproj", "{1A483007-4C1D-44BF-95ED-23D851452892}"
EndProject
Project("{FAE04EC0-301F-11D3-BF4B-00C04F79EFBC}") = "Tyuiu.MolokanovNK.Sprint6.Task0.V5.Test", "Tyuiu.MolokanovNK.Sprint6.Task0.V5.Test\Tyuiu.MolokanovNK.Sprint6.Task0.V5.Test.csproj", "{99DCB752-8267-43BA-8B62-17AA29203CE3}"
EndProject
Project("{FAE04EC0-301F-11D3-BF4B-00C04F79EFBC}") = "Tyuiu.MolokanovNK.Sprint6.Task0.V5", "Tyuiu.MolokanovNK.Sprint6.Task0.V5\Tyuiu.MolokanovNK.Sprint6.Task0.V5.csproj", "{3A6A4461-3399-48E6-BC85-A7047D7E65EF}"
EndProject
Project("{2150E333-8FDC-42A3-9474-1A3956D46DE8}") = "Task1", "Task1", "{D96C991B-F4FA-4CE9-B409-E5CE6985F449}"
EndProject
Project("{FAE04EC0-301F-11D3-BF4B-00C04F79EFBC}") = "Tyuiu.MolokanovNK.Sprint6.Task1.V6.Lib", "Tyuiu.MolokanovNK.Sprint6.Task1.V6.Lib\Tyuiu.MolokanovNK.Sprint6.Task1.V6.Lib.csproj", "{EE0EABAE-B77D-449B-A4D4-1AF8B1EFD917}"
EndProject
Project("{FAE04EC0-301F-11D3-BF4B-00C04F79EFBC}") = "Tyuiu.MolokanovNK.Sprint6.Task1.V6.Test", "Tyuiu.MolokanovNK.Sprint6.Task1.V6.Test\Tyuiu.MolokanovNK.Sprint6.Task1.V6.Test.csproj", "{2F28F913-649F-4FCE-B581-0AB2A3B9CE15}"
EndProject
Project("{FAE04EC0-301F-11D3-BF4B-00C04F79EFBC}") = "Tyuiu.MolokanovNK.Sprint6.Task1.V6", "Tyuiu.MolokanovNK.Sprint6.Task1.V6\Tyuiu.MolokanovNK.Sprint6.Task1.V6.csproj", "{F4FDD9A9-0519-4705-9A79-B4F2E5E00CBD}"
EndProject
Project("{2150E333-8FDC-42A3-9474-1A3956D46DE8}") = "Task2", "Task2", "{AF2AA49E-B20F-4B0E-86FC-63277F9CD1B6}"
EndProject
Project("{FAE04EC0-301F-11D3-BF4B-00C04F79EFBC}") = "Tyuiu.MolokanovNK.Sprint6.Task2.V27.Lib", "Tyuiu.MolokanovNK.Sprint6.Task2.V27.Lib\Tyuiu.MolokanovNK.Sprint6.Task2.V27.Lib.csproj", "{51721819-251F-484D-B4A4-79901233230F}"
EndProject
Project("{FAE04EC0-301F-11D3-BF4B-00C04F79EFBC}") = "Tyuiu.MolokanovNK.Sprint6.Task2.V27.Test", "Tyuiu.MolokanovNK.Sprint6.Task2.V27.Test\Tyuiu.MolokanovNK.Sprint6.Task2.V27.Test.csproj", "{D65455B4-4E30-46D3-9819-087F3ABCADC8}"
EndProject
Project("{FAE04EC0-301F-11D3-BF4B-00C04F79EFBC}") = "Tyuiu.MolokanovNK.Sprint6.Task2.V27", "Tyuiu.MolokanovNK.Sprint6.Task2.V27\Tyuiu.MolokanovNK.Sprint6.Task2.V27.csproj", "{3BD9F2B0-3DAF-4D03-A91F-4A5DB55E7834}"
EndProject
Project("{2150E333-8FDC-42A3-9474-1A3956D46DE8}") = "Task3", "Task3", "{BC43A280-3243-455B-A6C8-59679CAB69A8}"
EndProject
Project("{FAE04EC0-301F-11D3-BF4B-00C04F79EFBC}") = "Tyuiu.MolokanovNK.Sprint6.Task3.V11.Lib", "Tyuiu.MolokanovNK.Sprint6.Task3.V11.Lib\Tyuiu.MolokanovNK.Sprint6.Task3.V11.Lib.csproj", "{1CD13098-A493-40DD-A8F0-1675BEE8D8B8}"
EndProject
Project("{FAE04EC0-301F-11D3-BF4B-00C04F79EFBC}") = "Tyuiu.MolokanovNK.Sprint6.Task3.V11.Test", "Tyuiu.MolokanovNK.Sprint6.Task3.V11.Test\Tyuiu.MolokanovNK.Sprint6.Task3.V11.Test.csproj", "{75F16CC9-F2AF-4699-9B37-671B6DFA44B4}"
EndProject
Project("{FAE04EC0-301F-11D3-BF4B-00C04F79EFBC}") = "Tyuiu.MolokanovNK.Sprint6.Task3.V11", "Tyuiu.MolokanovNK.Sprint6.Task3.V11\Tyuiu.MolokanovNK.Sprint6.Task3.V11.csproj", "{4E3732D4-B718-4D88-8F5D-DD577B5E38ED}"
EndProject
Project("{2150E333-8FDC-42A3-9474-1A3956D46DE8}") = "Task4", "Task4", "{0D8DA11E-19FA-4834-BB66-4C8849137D6F}"
EndProject
Project("{FAE04EC0-301F-11D3-BF4B-00C04F79EFBC}") = "Tyuiu.MolokanovNK.Sprint6.Task4.V30.Lib", "Tyuiu.MolokanovNK.Sprint6.Task4.V30.Lib\Tyuiu.MolokanovNK.Sprint6.Task4.V30.Lib.csproj", "{136149C5-0A51-4714-A63B-B98197A52977}"
EndProject
Project("{FAE04EC0-301F-11D3-BF4B-00C04F79EFBC}") = "Tyuiu.MolokanovNK.Sprint6.Task4.V30.Test", "Tyuiu.MolokanovNK.Sprint6.Task4.V30.Test\Tyuiu.MolokanovNK.Sprint6.Task4.V30.Test.csproj", "{30EBD24A-0D78-47E7-B36F-C14975665614}"
EndProject
Project("{FAE04EC0-301F-11D3-BF4B-00C04F79EFBC}") = "Tyuiu.MolokanovNK.Sprint6.Task4.V30", "Tyuiu.MolokanovNK.Sprint6.Task4.V30\Tyuiu.MolokanovNK.Sprint6.Task4.V30.csproj", "{C40947DD-6BC5-442E-A0C5-B7A04613F79D}"
EndProject
Project("{2150E333-8FDC-42A3-9474-1A3956D46DE8}") = "Task5", "Task5", "{134AEBF7-511F-4D68-9107-98D0FEF76ACE}"
EndProject
Project("{FAE04EC0-301F-11D3-BF4B-00C04F79EFBC}") = "Tyuiu.MolokanovNK.Sprint6.Task5.V15.Lib", "Tyuiu.MolokanovNK.Sprint6.Task5.V15.Lib\Tyuiu.MolokanovNK.Sprint6.Task5.V15.Lib.csproj", "{4D753384-D138-47B5-9393-1020FA29B3D4}"
EndProject
Project("{FAE04EC0-301F-11D3-BF4B-00C04F79EFBC}") = "Tyuiu.MolokanovNK.Sprint6.Task5.V15.Test", "Tyuiu.MolokanovNK.Sprint6.Task5.V15.Test\Tyuiu.MolokanovNK.Sprint6.Task5.V15.Test.csproj", "{60843BCD-575F-4609-94E0-C16762571CE8}"
EndProject
Project("{FAE04EC0-301F-11D3-BF4B-00C04F79EFBC}") = "Tyuiu.MolokanovNK.Sprint6.Task5.V15", "Tyuiu.MolokanovNK.Sprint6.Task5.V15\Tyuiu.MolokanovNK.Sprint6.Task5.V15.csproj", "{750D8A4C-93F0-4915-A3BD-C9F45CA46BC5}"
EndProject
Project("{2150E333-8FDC-42A3-9474-1A3956D46DE8}") = "Task6", "Task6", "{C657CFA4-05F3-4193-929C-5E00CD5CC50A}"
EndProject
Project("{FAE04EC0-301F-11D3-BF4B-00C04F79EFBC}") = "Tyuiu.MolokanovNK.Sprint6.Task6.V20.Lib", "Tyuiu.MolokanovNK.Sprint6.Task6.V20.Lib\Tyuiu.MolokanovNK.Sprint6.Task6.V20.Lib.csproj", "{560874CF-E94C-444D-B650-6963DE7C52E5}"
EndProject
Project("{FAE04EC0-301F-11D3-BF4B-00C04F79EFBC}") = "Tyuiu.MolokanovNK.Sprint6.Task6.V20.Test", "Tyuiu.MolokanovNK.Sprint6.Task6.V20.Test\Tyuiu.MolokanovNK.Sprint6.Task6.V20.Test.csproj", "{E32D7D91-A5FA-4784-847E-7E443DB4BFFB}"
EndProject
Project("{FAE04EC0-301F-11D3-BF4B-00C04F79EFBC}") = "Tyuiu.MolokanovNK.Sprint6.Task6.V20", "Tyuiu.MolokanovNK.Sprint6.Task6.V20\Tyuiu.MolokanovNK.Sprint6.Task6.V20.csproj", "{207A6E50-B722-4288-80CF-124BE72A21CE}"
EndProject
Global
	GlobalSection(SolutionConfigurationPlatforms) = preSolution
		Debug|Any CPU = Debug|Any CPU
		Release|Any CPU = Release|Any CPU
	EndGlobalSection
	GlobalSection(ProjectConfigurationPlatforms) = postSolution
		{1A483007-4C1D-44BF-95ED-23D851452892}.Debug|Any CPU.ActiveCfg = Debug|Any CPU
		{1A483007-4C1D-44BF-95ED-23D851452892}.Debug|Any CPU.Build.0 = Debug|Any CPU
		{1A483007-4C1D-44BF-95ED-23D851452892}.Release|Any CPU.ActiveCfg = Release|Any CPU
		{1A483007-4C1D-44BF-95ED-23D851452892}.Release|Any CPU.Build.0 = Release|Any CPU
		{99DCB752-8267-43BA-8B62-17AA29203CE3}.Debug|Any CPU.ActiveCfg = Debug|Any CPU
		{99DCB752-8267-43BA-8B62-17AA29203CE3}.Debug|Any CPU.Build.0 = Debug|Any CPU
		{99DCB752-8267-43BA-8B62-17AA29203CE3}.Release|Any CPU.ActiveCfg = Release|Any CPU
		{99DCB752-8267-43BA-8B62-17AA29203CE3}.Release|Any CPU.Build.0 = Release|Any CPU
		{3A6A4461-3399-48E6-BC85-A7047D7E65EF}.Debug|Any CPU.ActiveCfg = Debug|Any CPU
		{3A6A4461-3399-48E6-BC85-A7047D7E65EF}.Debug|Any CPU.Build.0 = Debug|Any CPU
		{3A6A4461-3399-48E6-BC85-A7047D7E65EF}.Release|Any CPU.ActiveCfg = Release|Any CPU
		{3A6A4461-3399-48E6-BC85-A7047D7E65EF}.Release|Any CPU.Build.0 = Release|Any CPU
		{EE0EABAE-B77D-449B-A4D4-1AF8B1EFD917}.Debug|Any CPU.ActiveCfg = Debug|Any CPU
		{EE0EABAE-B77D-449B-A4D4-1AF8B1EFD917}.Debug|Any CPU.Build.0 = Debug|Any CPU
		{EE0EABAE-B77D-449B-A4D4-1AF8B1EFD917}.Release|Any CPU.ActiveCfg = Release|Any CPU
		{EE0EABAE-B77D-449B-A4D4-1AF8B1EFD917}.Release|Any CPU.Build.0 = Release|Any CPU
		{2F28F913-649F-4FCE-B581-0AB2A3B9CE15}.Debug|Any CPU.ActiveCfg = Debug|Any CPU
		{2F28F913-649F-4FCE-B581-0AB2A3B9CE15}.Debug|Any CPU.Build.0 = Debug|Any CPU
		{2F28F913-649F-4FCE-B581-0AB2A3B9CE15}.Release|Any CPU.ActiveCfg = Release|Any CPU
		{2F28F913-649F-4FCE-B581-0AB2A3B9CE15}.Release|Any CPU.Build.0 = Release|Any CPU
		{F4FDD9A9-0519-4705-9A79-B4F2E5E00CBD}.Debug|Any CPU.ActiveCfg = Debug|Any CPU
		{F4FDD9A9-0519-4705-9A79-B4F2E5E00CBD}.Debug|Any CPU.Build.0 = Debug|Any CPU
		{F4FDD9A9-0519-4705-9A79-B4F2E5E00CBD}.Release|Any CPU.ActiveCfg = Release|Any CPU
		{F4FDD9A9-0519-4705-9A79-B4F2E5E00CBD}.Release|Any CPU.Build.0 = Release|Any CPU
		{51721819-251F-484D-B4A4-79901233230F}.Debug|Any CPU.ActiveCfg = Debug|Any CPU
		{51721819-251F-484D-B4A4-79901233230F}.Debug|Any CPU.Build.0 = Debug|Any CPU
		{51721819-251F-484D-B4A4-79901233230F}.Release|Any CPU.ActiveCfg = Release|Any CPU
		{51721819-251F-484D-B4A4-79901233230F}.Release|Any CPU.Build.0 = Release|Any CPU
		{D65455B4-4E30-46D3-9819-087F3ABCADC8}.Debug|Any CPU.ActiveCfg = Debug|Any CPU
		{D65455B4-4E30-46D3-9819-087F3ABCADC8}.Debug|Any CPU.Build.0 = Debug|Any CPU
		{D65455B4-4E30-46D3-9819-087F3ABCADC8}.Release|Any CPU.ActiveCfg = Release|Any CPU
		{D65455B4-4E30-46D3-9819-087F3ABCADC8}.Release|Any CPU.Build.0 = Release|Any CPU
		{3BD9F2B0-3DAF-4D03-A91F-4A5DB55E7834}.Debug|Any CPU.ActiveCfg = Debug|Any CPU
		{3BD9F2B0-3DAF-4D03-A91F-4A5DB55E7834}.Debug|Any CPU.Build.0 = Debug|Any CPU
		{3BD9F2B0-3DAF-4D03-A91F-4A5DB55E7834}.Release|Any CPU.ActiveCfg = Release|Any CPU
		{3BD9F2B0-3DAF-4D03-A91F-4A5DB55E7834}.Release|Any CPU.Build.0 = Release|Any CPU
		{1CD13098-A493-40DD-A8F0-1675BEE8D8B8}.Debug|Any CPU.ActiveCfg = Debug|Any CPU
		{1CD13098-A493-40DD-A8F0-1675BEE8D8B8}.Debug|Any CPU.Build.0 = Debug|Any CPU
		{1CD13098-A493-40DD-A8F0-1675BEE8D8B8}.Release|Any CPU.ActiveCfg = Release|Any CPU
		{1CD13098-A493-40DD-A8F0-1675BEE8D8B8}.Release|Any CPU.Build.0 = Release|Any CPU
		{75F16CC9-F2AF-4699-9B37-671B6DFA44B4}.Debug|Any CPU.ActiveCfg = Debug|Any CPU
		{75F16CC9-F2AF-4699-9B37-671B6DFA44B4}.Debug|Any CPU.Build.0 = Debug|Any CPU
		{75F16CC9-F2AF-4699-9B37-671B6DFA44B4}.Release|Any CPU.ActiveCfg = Release|Any CPU
		{75F16CC9-F2AF-4699-9B37-671B6DFA44B4}.Release|Any CPU.Build.0 = Release|Any CPU
		{4E3732D4-B718-4D88-8F5D-DD577B5E38ED}.Debug|Any CPU.ActiveCfg = Debug|Any CPU
		{4E3732D4-B718-4D88-8F5D-DD577B5E38ED}.Debug|Any CPU.Build.0 = Debug|Any CPU
		{4E3732D4-B718-4D88-8F5D-DD577B5E38ED}.Release|Any CPU.ActiveCfg = Release|Any CPU
		{4E3732D4-B718-4D88-8F5D-DD577B5E38ED}.Release|Any CPU.Build.0 = Release|Any CPU
		{136149C5-0A51-4714-A63B-B98197A52977}.Debug|Any CPU.ActiveCfg = Debug|Any CPU
		{136149C5-0A51-4714-A63B-B98197A52977}.Debug|Any CPU.Build.0 = Debug|Any CPU
		{136149C5-0A51-4714-A63B-B98197A52977}.Release|Any CPU.ActiveCfg = Release|Any CPU
		{136149C5-0A51-4714-A63B-B98197A52977}.Release|Any CPU.Build.0 = Release|Any CPU
		{30EBD24A-0D78-47E7-B36F-C14975665614}.Debug|Any CPU.ActiveCfg = Debug|Any CPU
		{30EBD24A-0D78-47E7-B36F-C14975665614}.Debug|Any CPU.Build.0 = Debug|Any CPU
		{30EBD24A-0D78-47E7-B36F-C14975665614}.Release|Any CPU.ActiveCfg = Release|Any CPU
		{30EBD24A-0D78-47E7-B36F-C14975665614}.Release|Any CPU.Build.0 = Release|Any CPU
		{C40947DD-6BC5-442E-A0C5-B7A04613F79D}.Debug|Any CPU.ActiveCfg = Debug|Any CPU
		{C40947DD-6BC5-442E-A0C5-B7A04613F79D}.Debug|Any CPU.Build.0 = Debug|Any CPU
		{C40947DD-6BC5-442E-A0C5-B7A04613F79D}.Release|Any CPU.ActiveCfg = Release|Any CPU
		{C40947DD-6BC5-442E-A0C5-B7A04613F79D}.Release|Any CPU.Build.0 = Release|Any CPU
		{4D753384-D138-47B5-9393-1020FA29B3D4}.Debug|Any CPU.ActiveCfg = Debug|Any CPU
		{4D753384-D138-47B5-9393-1020FA29B3D4}.Debug|Any CPU.Build.0 = Debug|Any CPU
		{4D753384-D138-47B5-9393-1020FA29B3D4}.Release|Any CPU.ActiveCfg = Release|Any CPU
		{4D753384-D138-47B5-9393-1020FA29B3D4}.Release|Any CPU.Build.0 = Release|Any CPU
		{60843BCD-575F-4609-94E0-C16762571CE8}.Debug|Any CPU.ActiveCfg = Debug|Any CPU
		{60843BCD-575F-4609-94E0-C16762571CE8}.Debug|Any CPU.Build.0 = Debug|Any CPU
		{60843BCD-575F-4609-94E0-C16762571CE8}.Release|Any CPU.ActiveCfg = Release|Any CPU
		{60843BCD-575F-4609-94E0-C16762571CE8}.Release|Any CPU.Build.0 = Release|Any CPU
		{750D8A4C-93F0-4915-A3BD-C9F45CA46BC5}.Debug|Any CPU.ActiveCfg = Debug|Any CPU
		{750D8A4C-93F0-4915-A3BD-C9F45CA46BC5}.Debug|Any CPU.Build.0 = Debug|Any CPU
		{750D8A4C-93F0-4915-A3BD-C9F45CA46BC5}.Release|Any CPU.ActiveCfg = Release|Any CPU
		{750D8A4C-93F0-4915-A3BD-C9F45CA46BC5}.Release|Any CPU.Build.0 = Release|Any CPU
		{560874CF-E94C-444D-B650-6963DE7C52E5}.Debug|Any CPU.ActiveCfg = Debug|Any CPU
		{560874CF-E94C-444D-B650-6963DE7C52E5}.Debug|Any CPU.Build.0 = Debug|Any CPU
		{560874CF-E94C-444D-B650-6963DE7C52E5}.Release|Any CPU.ActiveCfg = Release|Any CPU
		{560874CF-E94C-444D-B650-6963DE7C52E5}.Release|Any CPU.Build.0 = Release|Any CPU
		{E32D7D91-A5FA-4784-847E-7E443DB4BFFB}.Debug|Any CPU.ActiveCfg = Debug|Any CPU
		{E32D7D91-A5FA-4784-847E-7E443DB4BFFB}.Debug|Any CPU.Build.0 = Debug|Any CPU
		{E32D7D91-A5FA-4784-847E-7E443DB4BFFB}.Release|Any CPU.ActiveCfg = Release|Any CPU
		{E32D7D91-A5FA-4784-847E-7E443DB4BFFB}.Release|Any CPU.Build.0 = Release|Any CPU
		{207A6E50-B722-4288-80CF-124BE72A21CE}.Debug|Any CPU.ActiveCfg = Debug|Any CPU
		{207A6E50-B722-4288-80CF-124BE72A21CE}.Debug|Any CPU.Build.0 = Debug|Any CPU
		{207A6E50-B722-4288-80CF-124BE72A21CE}.Release|Any CPU.ActiveCfg = Release|Any CPU
		{207A6E50-B722-4288-80CF-124BE72A21CE}.Release|Any CPU.Build.0 = Release|Any CPU
	EndGlobalSection
	GlobalSection(SolutionProperties) = preSolution
		HideSolutionNode = FALSE
	EndGlobalSection
	GlobalSection(NestedProjects) = preSolution
		{1A483007-4C1D-44BF-95ED-23D851452892} = {02EA681E-C7D8-13C7-8484-4AC65E1B71E8}
		{99DCB752-8267-43BA-8B62-17AA29203CE3} = {02EA681E-C7D8-13C7-8484-4AC65E1B71E8}
		{3A6A4461-3399-48E6-BC85-A7047D7E65EF} = {02EA681E-C7D8-13C7-8484-4AC65E1B71E8}
		{EE0EABAE-B77D-449B-A4D4-1AF8B1EFD917} = {D96C991B-F4FA-4CE9-B409-E5CE6985F449}
		{2F28F913-649F-4FCE-B581-0AB2A3B9CE15} = {D96C991B-F4FA-4CE9-B409-E5CE6985F449}
		{F4FDD9A9-0519-4705-9A79-B4F2E5E00CBD} = {D96C991B-F4FA-4CE9-B409-E5CE6985F449}
		{51721819-251F-484D-B4A4-79901233230F} = {AF2AA49E-B20F-4B0E-86FC-63277F9CD1B6}
		{D65455B4-4E30-46D3-9819-087F3ABCADC8} = {AF2AA49E-B20F-4B0E-86FC-63277F9CD1B6}
		{3BD9F2B0-3DAF-4D03-A91F-4A5DB55E7834} = {AF2AA49E-B20F-4B0E-86FC-63277F9CD1B6}
		{1CD13098-A493-40DD-A8F0-1675BEE8D8B8} = {BC43A280-3243-455B-A6C8-59679CAB69A8}
		{75F16CC9-F2AF-4699-9B37-671B6DFA44B4} = {BC43A280-3243-455B-A6C8-59679CAB69A8}
		{4E3732D4-B718-4D88-8F5D-DD577B5E38ED} = {BC43A280-3243-455B-A6C8-59679CAB69A8}
		{136149C5-0A51-4714-A63B-B98197A52977} = {0D8DA11E-19FA-4834-BB66-4C8849137D6F}
		{30EBD24A-0D78-47E7-B36F-C14975665614} = {0D8DA11E-19FA-4834-BB66-4C8849137D6F}
		{C40947DD-6BC5-442E-A0C5-B7A04613F79D} = {0D8DA11E-19FA-4834-BB66-4C8849137D6F}
		{4D753384-D138-47B5-9393-1020FA29B3D4} = {134AEBF7-511F-4D68-9107-98D0FEF76ACE}
		{60843BCD-575F-4609-94E0-C16762571CE8} = {134AEBF7-511F-4D68-9107-98D0FEF76ACE}
		{750D8A4C-93F0-4915-A3BD-C9F45CA46BC5} = {134AEBF7-511F-4D68-9107-98D0FEF76ACE}
		{560874CF-E94C-444D-B650-6963DE7C52E5} = {C657CFA4-05F3-4193-929C-5E00CD5CC50A}
		{E32D7D91-A5FA-4784-847E-7E443DB4BFFB} = {C657CFA4-05F3-4193-929C-5E00CD5CC50A}
		{207A6E50-B722-4288-80CF-124BE72A21CE} = {C657CFA4-05F3-4193-929C-5E00CD5CC50A}
	EndGlobalSection
	GlobalSection(ExtensibilityGlobals) = postSolution
		SolutionGuid = {D1D16FB2-5E17-4CB4-807A-AE71D7B5FD50}
	EndGlobalSection
EndGlobal
